
Microsoft Visual Studio Solution File, Format Version 12.00
Project("{FAE04EC0-301F-11D3-BF4B-00C04F79EFBC}") = "AStar.Dev.Functional.Extensions", "src\AStar.Dev.Functional.Extensions\AStar.Dev.Functional.Extensions.csproj", "{46743FC5-9AAD-46A0-BD96-B2EEA6CE9E23}"
EndProject
Project("{FAE04EC0-301F-11D3-BF4B-00C04F79EFBC}") = "AStar.Dev.Functional.Extensions.Tests.Unit", "test\AStar.Dev.Functional.Extensions.Tests.Unit\AStar.Dev.Functional.Extensions.Tests.Unit.csproj", "{CD5D55C2-C6D1-4E28-93FD-1A60118403CE}"
EndProject
Project("{2150E333-8FDC-42A3-9474-1A3956D46DE8}") = ".github", ".github", "{267BE110-D583-4557-80D5-0D9E80A05542}"
EndProject
Project("{2150E333-8FDC-42A3-9474-1A3956D46DE8}") = "workflows", "workflows", "{2C3EC910-77D3-475C-A9EE-E8F9F9C8C43C}"
	ProjectSection(SolutionItems) = preProject
		.github\workflows\publish.yml = .github\workflows\publish.yml
		.github\workflows\dotnet.yml = .github\workflows\dotnet.yml
	EndProjectSection
EndProject
Project("{2150E333-8FDC-42A3-9474-1A3956D46DE8}") = "src", "src", "{D1A87C44-FB04-49D8-8C34-C6CD33944612}"
EndProject
Project("{2150E333-8FDC-42A3-9474-1A3956D46DE8}") = "test", "test", "{0A5D570A-ACDC-429C-A9EA-9E8D9DA7774C}"
EndProject
Global
	GlobalSection(SolutionConfigurationPlatforms) = preSolution
		Debug|Any CPU = Debug|Any CPU
		Release|Any CPU = Release|Any CPU
	EndGlobalSection
	GlobalSection(ProjectConfigurationPlatforms) = postSolution
		{46743FC5-9AAD-46A0-BD96-B2EEA6CE9E23}.Debug|Any CPU.ActiveCfg = Debug|Any CPU
		{46743FC5-9AAD-46A0-BD96-B2EEA6CE9E23}.Debug|Any CPU.Build.0 = Debug|Any CPU
		{46743FC5-9AAD-46A0-BD96-B2EEA6CE9E23}.Release|Any CPU.ActiveCfg = Release|Any CPU
		{46743FC5-9AAD-46A0-BD96-B2EEA6CE9E23}.Release|Any CPU.Build.0 = Release|Any CPU
		{CD5D55C2-C6D1-4E28-93FD-1A60118403CE}.Debug|Any CPU.ActiveCfg = Debug|Any CPU
		{CD5D55C2-C6D1-4E28-93FD-1A60118403CE}.Debug|Any CPU.Build.0 = Debug|Any CPU
		{CD5D55C2-C6D1-4E28-93FD-1A60118403CE}.Release|Any CPU.ActiveCfg = Release|Any CPU
		{CD5D55C2-C6D1-4E28-93FD-1A60118403CE}.Release|Any CPU.Build.0 = Release|Any CPU
	EndGlobalSection
	GlobalSection(NestedProjects) = preSolution
		{2C3EC910-77D3-475C-A9EE-E8F9F9C8C43C} = {267BE110-D583-4557-80D5-0D9E80A05542}
		{46743FC5-9AAD-46A0-BD96-B2EEA6CE9E23} = {D1A87C44-FB04-49D8-8C34-C6CD33944612}
		{CD5D55C2-C6D1-4E28-93FD-1A60118403CE} = {0A5D570A-ACDC-429C-A9EA-9E8D9DA7774C}
	EndGlobalSection
EndGlobal
